<?xml version="1.0" encoding="utf-8"?>
<Project ToolsVersion="4.0" xmlns="http://schemas.microsoft.com/developer/msbuild/2003">
  <ItemGroup>
    <Filter Include="pnu">
      <UniqueIdentifier>{a0aa83d7-9843-4597-9db5-244989b6a442}</UniqueIdentifier>
    </Filter>
    <Filter Include="control">
      <UniqueIdentifier>{a584a7ed-2959-4837-9d01-91f3e59014eb}</UniqueIdentifier>
    </Filter>
    <Filter Include="ugv">
      <UniqueIdentifier>{74ce56df-91fd-4cff-a1c1-29cfcc3b4833}</UniqueIdentifier>
    </Filter>
    <Filter Include="소스 파일">
      <UniqueIdentifier>{4FC737F1-C7A5-4376-A066-2A32D752A2FF}</UniqueIdentifier>
      <Extensions>cpp;c;cc;cxx;def;odl;idl;hpj;bat;asm;asmx</Extensions>
    </Filter>
    <Filter Include="헤더 파일">
      <UniqueIdentifier>{93995380-89BD-4b04-88EB-625FBE52EBFB}</UniqueIdentifier>
      <Extensions>h;hh;hpp;hxx;hm;inl;inc;xsd</Extensions>
    </Filter>
  </ItemGroup>
  <ItemGroup>
    <ClCompile Include="main.cpp">
      <Filter>소스 파일</Filter>
    </ClCompile>
    <ClCompile Include="read_data.cpp">
      <Filter>소스 파일</Filter>
    </ClCompile>
    <ClCompile Include="read_system.cpp">
      <Filter>소스 파일</Filter>
    </ClCompile>
    <ClCompile Include="read_chassis.cpp">
      <Filter>소스 파일</Filter>
    </ClCompile>
    <ClCompile Include="read_RF.cpp">
      <Filter>소스 파일</Filter>
    </ClCompile>
    <ClCompile Include="read_LF.cpp">
      <Filter>소스 파일</Filter>
    </ClCompile>
    <ClCompile Include="read_LM.cpp">
      <Filter>소스 파일</Filter>
    </ClCompile>
    <ClCompile Include="read_LR.cpp">
      <Filter>소스 파일</Filter>
    </ClCompile>
    <ClCompile Include="read_RM.cpp">
      <Filter>소스 파일</Filter>
    </ClCompile>
    <ClCompile Include="read_RR.cpp">
      <Filter>소스 파일</Filter>
    </ClCompile>
    <ClCompile Include="define_Y_vector.cpp">
      <Filter>소스 파일</Filter>
    </ClCompile>
    <ClCompile Include="Y2qdq.cpp">
      <Filter>소스 파일</Filter>
    </ClCompile>
    <ClCompile Include="analysis.cpp">
      <Filter>소스 파일</Filter>
    </ClCompile>
    <ClCompile Include="dqddq2Yp.cpp">
      <Filter>소스 파일</Filter>
    </ClCompile>
    <ClCompile Include="absh3.cpp">
      <Filter>소스 파일</Filter>
    </ClCompile>
    <ClCompile Include="save_data.cpp">
      <Filter>소스 파일</Filter>
    </ClCompile>
    <ClCompile Include="orientation_chassis.cpp">
      <Filter>소스 파일</Filter>
    </ClCompile>
    <ClCompile Include="position_chassis.cpp">
      <Filter>소스 파일</Filter>
    </ClCompile>
    <ClCompile Include="velocity_state_chassis.cpp">
      <Filter>소스 파일</Filter>
    </ClCompile>
    <ClCompile Include="cartesian_velocity_chassis.cpp">
      <Filter>소스 파일</Filter>
    </ClCompile>
    <ClCompile Include="mass_force_state_chassis.cpp">
      <Filter>소스 파일</Filter>
    </ClCompile>
    <ClCompile Include="orientation_suspension.cpp">
      <Filter>소스 파일</Filter>
    </ClCompile>
    <ClCompile Include="position_suspension.cpp">
      <Filter>소스 파일</Filter>
    </ClCompile>
    <ClCompile Include="velocity_state_suspension.cpp">
      <Filter>소스 파일</Filter>
    </ClCompile>
    <ClCompile Include="cartesian_velocity_suspension.cpp">
      <Filter>소스 파일</Filter>
    </ClCompile>
    <ClCompile Include="mass_force_state_suspension.cpp">
      <Filter>소스 파일</Filter>
    </ClCompile>
    <ClCompile Include="effective_mass_force.cpp">
      <Filter>소스 파일</Filter>
    </ClCompile>
    <ClCompile Include="TSDA.cpp">
      <Filter>소스 파일</Filter>
    </ClCompile>
    <ClCompile Include="velocity_coupling.cpp">
      <Filter>소스 파일</Filter>
    </ClCompile>
    <ClCompile Include="acceleration_state_chassis.cpp">
      <Filter>소스 파일</Filter>
    </ClCompile>
    <ClCompile Include="cartesian_acceleration_chassis.cpp">
      <Filter>소스 파일</Filter>
    </ClCompile>
    <ClCompile Include="acceleration_state_suspension.cpp">
      <Filter>소스 파일</Filter>
    </ClCompile>
    <ClCompile Include="cartesian_acceleration_suspension.cpp">
      <Filter>소스 파일</Filter>
    </ClCompile>
    <ClCompile Include="TIRE.cpp">
      <Filter>소스 파일</Filter>
    </ClCompile>
    <ClCompile Include="lubksb6.cpp">
      <Filter>소스 파일</Filter>
    </ClCompile>
    <ClCompile Include="ludcmp6.cpp">
      <Filter>소스 파일</Filter>
    </ClCompile>
    <ClCompile Include="mbank.cpp">
      <Filter>소스 파일</Filter>
    </ClCompile>
    <ClCompile Include="UnmannedGroundVehicle.cpp">
      <Filter>소스 파일</Filter>
    </ClCompile>
    <ClCompile Include="PNU.cpp">
      <Filter>pnu</Filter>
    </ClCompile>
    <ClCompile Include="read_control.cpp">
      <Filter>control</Filter>
    </ClCompile>
    <ClCompile Include="LP_control.cpp">
      <Filter>control</Filter>
    </ClCompile>
    <ClCompile Include="wheel_spin_dyn.cpp">
      <Filter>소스 파일</Filter>
    </ClCompile>
    <ClCompile Include="ugv_equilibrium.cpp">
      <Filter>ugv</Filter>
    </ClCompile>
    <ClCompile Include="ugv_init.cpp">
      <Filter>ugv</Filter>
    </ClCompile>
    <ClCompile Include="ugv_run.cpp">
      <Filter>ugv</Filter>
    </ClCompile>
    <ClCompile Include="pre_road.cpp">
      <Filter>소스 파일</Filter>
    </ClCompile>
    <ClCompile Include="var2qdqddq.cpp">
      <Filter>소스 파일</Filter>
    </ClCompile>
    <ClCompile Include="save_delay.cpp">
      <Filter>소스 파일</Filter>
    </ClCompile>
    <ClCompile Include="qdqddq2var.cpp">
      <Filter>소스 파일</Filter>
    </ClCompile>
  </ItemGroup>
  <ItemGroup>
    <ClInclude Include="UnmannedGroundVehicle.h">
      <Filter>헤더 파일</Filter>
    </ClInclude>
    <ClInclude Include="PNU.h">
      <Filter>pnu</Filter>
    </ClInclude>
  </ItemGroup>
</Project>